{
  "version": 1,
  "dependencies": {
    "net10.0-windows10.0.19041": {
      "SkiaSharp.Views.WPF": {
        "type": "Direct",
        "requested": "[4.152.1, )",
        "resolved": "4.152.1",
        "contentHash": "KrGlV4bm1j0K+ktaeRni5MsjRZbGgHA7wwfmSxKUoa0U7+qwe8Y90kmJXimeVU3kb5GZf3NEI6+EQhLghaMeSw==",
        "dependencies": {
          "OpenTK": "4.3.0",
          "OpenTK.GLWpfControl": "4.2.3",
          "SkiaSharp": "4.152.1",
          "SkiaSharp.Views.Desktop.Common": "4.152.1"
        }
      },
      "OpenTK": {
        "type": "Transitive",
        "resolved": "4.3.0",
        "contentHash": "w2oiuLDpZbSCyqzHEFFLTO6JMNadHWS6Pp68U68lfzdTrzTQQqyH7x+/PJidsk+wRSDopaH9e03/KzYB9Fs+7Q==",
        "dependencies": {
          "OpenTK.Compute": "4.3.0",
          "OpenTK.Core": "4.3.0",
          "OpenTK.Graphics": "4.3.0",
          "OpenTK.Input": "4.3.0",
          "OpenTK.Mathematics": "4.3.0",
          "OpenTK.OpenAL": "4.3.0",
          "OpenTK.Windowing.Common": "4.3.0",
          "OpenTK.Windowing.Desktop": "4.3.0",
          "OpenTK.Windowing.GraphicsLibraryFramework": "4.3.0"
        }
      },
      "OpenTK.Compute": {
        "type": "Transitive",
        "resolved": "4.3.0",
        "contentHash": "XrMVjBPp1PNuz7z7hdNyO2oBsAPZHcHzILs7ewtEP09CM1KPVwZDAsIjOjEJesLCWrNr+jm6+3TvHActYkk4lQ=="
      },
      "OpenTK.Core": {
        "type": "Transitive",
        "resolved": "4.3.0",
        "contentHash": "Hu+4U+tvnQW++y8Gj4OggLVuhclLm1hVN9ZIc3e9d8uo15CWYOSycw+FQhaRH3aibFv1vFYgH+bMIHM509YwYg=="
      },
      "OpenTK.GLWpfControl": {
        "type": "Transitive",
        "resolved": "4.2.3",
        "contentHash": "VIq15MqeMB42v7cuoPcbHAFzdlOcN5DZEhguuQVdvZP0NlfajjaoVDqtP3koOWLs1how2YqCaVk1qIvsuRdQqQ==",
        "dependencies": {
          "OpenTK": "[4.3.0, 5.0.0)"
        }
      },
      "OpenTK.Graphics": {
        "type": "Transitive",
        "resolved": "4.3.0",
        "contentHash": "N1XXKrX+op6ORxkRoLa8mb/rMQVTW4YsJraneyU0RKqZ04PeOwcnX6BFb+mJISZnbtk+3SyYlWLjSsQjDdFbRg==",
        "dependencies": {
          "OpenTK.Core": "[4.3.0, 4.4.0)",
          "OpenTK.Mathematics": "[4.3.0, 4.4.0)"
        }
      },
      "OpenTK.Input": {
        "type": "Transitive",
        "resolved": "4.3.0",
        "contentHash": "tvTQlC87bnNWN5BPOxCqSE2UJ6RKz/r342I25XBfeF/TNpw9Ad6upLdok8l8Nhess9LUItOPT6uBBdOlMEO0cA=="
      },
      "OpenTK.Mathematics": {
        "type": "Transitive",
        "resolved": "4.3.0",
        "contentHash": "3yiHBaEeV6OVu7La6961Jx7xoP7dJoZXcRJaDqqPrEmmIuwUx2i4AQI60UpGmcrMJ11QhicmW6zjb8aZYySYrw=="
      },
      "OpenTK.OpenAL": {
        "type": "Transitive",
        "resolved": "4.3.0",
        "contentHash": "zDzP8wsppS/5jwW8RUaac/bWOrZV5rB8Faejy5vLVE1ixWKclOEyO30ADOO3XZ+IWNKioX5wMhzKcy8kfsKKew==",
        "dependencies": {
          "OpenTK.Core": "[4.3.0, 4.4.0)",
          "OpenTK.Mathematics": "[4.3.0, 4.4.0)"
        }
      },
      "OpenTK.redist.glfw": {
        "type": "Transitive",
        "resolved": "3.3.0-pre20200830200122",
        "contentHash": "EKE9pJCFHScbqOv/t0zG1h5Eh24nWr44SXYnpYtAWDhJhzAoUoI8TwDRXGvTGhDeCBp8ONEaVsq9xRC+OQIxQA=="
      },
      "OpenTK.Windowing.Common": {
        "type": "Transitive",
        "resolved": "4.3.0",
        "contentHash": "HKKMHsv+eQrB3C3ySCcYS0yfKNZ/SM0v1upqBLEN5khs7IVPQ/wRwdR+OaPH/9v11pYtdNQL/XtkPVV0SC8jWA==",
        "dependencies": {
          "OpenTK.Core": "[4.3.0, 4.4.0)",
          "OpenTK.Mathematics": "[4.3.0, 4.4.0)"
        }
      },
      "OpenTK.Windowing.Desktop": {
        "type": "Transitive",
        "resolved": "4.3.0",
        "contentHash": "pomhIDKQGGLn+5jAWCUsxAcHLOwO4/43pmcXA2xVKRcrvRQgY0QCUcroQRDwGam+8SinRBSTa0PNVNbDxZhoRA==",
        "dependencies": {
          "OpenTK.Core": "[4.3.0, 4.4.0)",
          "OpenTK.Mathematics": "[4.3.0, 4.4.0)",
          "OpenTK.Windowing.Common": "[4.3.0, 4.4.0)",
          "OpenTK.Windowing.GraphicsLibraryFramework": "[4.3.0, 4.4.0)"
        }
      },
      "OpenTK.Windowing.GraphicsLibraryFramework": {
        "type": "Transitive",
        "resolved": "4.3.0",
        "contentHash": "R8H4ynmYUYuow/QNx4pnvPGR8Z6KUP54rVlnsH5tRkDYBU/m6bWmvFFvAA492rRyM5nt+6zAqGjv8GXY+8sylA==",
        "dependencies": {
          "OpenTK.Core": "[4.3.0, 4.4.0)",
          "OpenTK.redist.glfw": "[3.3.0-pre20200830200122, 3.4.0-pre)"
        }
      },
      "SkiaSharp": {
        "type": "Transitive",
        "resolved": "4.152.1",
        "contentHash": "p3rj8SVoa+2Tmx1EITE4jIwCDPcYjwXdZ3c9yM6l9wNn6572hwxzrth6WOBK0iGnAoTGoJBZuZpy8wYjbov6sw==",
        "dependencies": {
          "SkiaSharp.NativeAssets.Win32": "4.152.1"
        }
      },
      "SkiaSharp.NativeAssets.Win32": {
        "type": "Transitive",
        "resolved": "4.152.1",
        "contentHash": "MLDP6XT8CHLHF6gZlpW06iswGNBlL/JB2+SKuSLz0Y0k1zzsfofNyUY6J6FC32A4/F67E9S8MwovRBL+ELw0lw=="
      },
      "SkiaSharp.Views.Desktop.Common": {
        "type": "Transitive",
        "resolved": "4.152.1",
        "contentHash": "W4xIP7HRdWyyRIcD1WXFSCnMt4wRGtSGcsw3nLL5qV3w2BV4R889HSk1wAEZbeiDdghjmCfqqrU89GXKah9NnA==",
        "dependencies": {
          "SkiaSharp": "4.152.1"
        }
      },
      "compositor.core": {
        "type": "Project"
      },
      "compositor.imaging": {
        "type": "Project",
        "dependencies": {
          "Compositor.Core": "[1.0.0, )",
          "SkiaSharp": "[4.152.1, )"
        }
      }
    }
  }
}