{
  "version": 1,
  "dependencies": {
    "net10.0": {
      "SkiaSharp": {
        "type": "Transitive",
        "resolved": "4.152.1",
        "contentHash": "p3rj8SVoa+2Tmx1EITE4jIwCDPcYjwXdZ3c9yM6l9wNn6572hwxzrth6WOBK0iGnAoTGoJBZuZpy8wYjbov6sw==",
        "dependencies": {
          "SkiaSharp.NativeAssets.Win32": "4.152.1",
          "SkiaSharp.NativeAssets.macOS": "4.152.1"
        }
      },
      "SkiaSharp.NativeAssets.macOS": {
        "type": "Transitive",
        "resolved": "4.152.1",
        "contentHash": "gKaE2zNHsPLjlA88ZClRNmtZlHNGEa/W4iPy5GpP1TtUELIXzrSr2udCbl1GWYFuCdA36IycBk5YhUuK1xi9UA=="
      },
      "SkiaSharp.NativeAssets.Win32": {
        "type": "Transitive",
        "resolved": "4.152.1",
        "contentHash": "MLDP6XT8CHLHF6gZlpW06iswGNBlL/JB2+SKuSLz0Y0k1zzsfofNyUY6J6FC32A4/F67E9S8MwovRBL+ELw0lw=="
      },
      "compositor.core": {
        "type": "Project"
      },
      "compositor.imaging": {
        "type": "Project",
        "dependencies": {
          "Compositor.Core": "[1.0.0, )",
          "SkiaSharp": "[4.152.1, )"
        }
      }
    }
  }
}